
Microsoft Visual Studio Solution File, Format Version 12.00
# Visual Studio Version 17
VisualStudioVersion = 17.6.33723.286
MinimumVisualStudioVersion = 10.0.40219.1
Project("{9A19103F-16F7-4668-BE54-9A1E7A4F7556}") = "wan24-CLI", "wan24-CLI\wan24-CLI.csproj", "{78ABCAE0-24A1-4C53-8C7A-4312952DF1F0}"
EndProject
Project("{9A19103F-16F7-4668-BE54-9A1E7A4F7556}") = "wan24-CLI Tests", "wan24-CLI Tests\wan24-CLI Tests.csproj", "{4F4F8E45-85C3-4BF8-BF3E-5F941D7289EE}"
EndProject
Project("{9A19103F-16F7-4668-BE54-9A1E7A4F7556}") = "ObjectValidation", "..\..\ObjectValidation\src\ObjectValidation\ObjectValidation.csproj", "{1A023CA2-4FB0-421D-827B-4EC017B50AB7}"
EndProject
Project("{9A19103F-16F7-4668-BE54-9A1E7A4F7556}") = "Wan24-Core", "..\..\wan24-Core\src\Wan24-Core\Wan24-Core.csproj", "{E7C5B32A-2097-4056-ABDB-D798F2E907D6}"
EndProject
Project("{9A19103F-16F7-4668-BE54-9A1E7A4F7556}") = "wan24-CLI Demo", "wan24-CLI Demo\wan24-CLI Demo.csproj", "{32A92641-FF55-4CA8-B1DD-A0165C3F04CD}"
EndProject
Global
	GlobalSection(SolutionConfigurationPlatforms) = preSolution
		Debug|Any CPU = Debug|Any CPU
		Release|Any CPU = Release|Any CPU
		Trunk|Any CPU = Trunk|Any CPU
	EndGlobalSection
	GlobalSection(ProjectConfigurationPlatforms) = postSolution
		{78ABCAE0-24A1-4C53-8C7A-4312952DF1F0}.Debug|Any CPU.ActiveCfg = Debug|Any CPU
		{78ABCAE0-24A1-4C53-8C7A-4312952DF1F0}.Debug|Any CPU.Build.0 = Debug|Any CPU
		{78ABCAE0-24A1-4C53-8C7A-4312952DF1F0}.Release|Any CPU.ActiveCfg = Release|Any CPU
		{78ABCAE0-24A1-4C53-8C7A-4312952DF1F0}.Release|Any CPU.Build.0 = Release|Any CPU
		{78ABCAE0-24A1-4C53-8C7A-4312952DF1F0}.Trunk|Any CPU.ActiveCfg = Trunk|Any CPU
		{78ABCAE0-24A1-4C53-8C7A-4312952DF1F0}.Trunk|Any CPU.Build.0 = Trunk|Any CPU
		{4F4F8E45-85C3-4BF8-BF3E-5F941D7289EE}.Debug|Any CPU.ActiveCfg = Debug|Any CPU
		{4F4F8E45-85C3-4BF8-BF3E-5F941D7289EE}.Debug|Any CPU.Build.0 = Debug|Any CPU
		{4F4F8E45-85C3-4BF8-BF3E-5F941D7289EE}.Release|Any CPU.ActiveCfg = Release|Any CPU
		{4F4F8E45-85C3-4BF8-BF3E-5F941D7289EE}.Release|Any CPU.Build.0 = Release|Any CPU
		{4F4F8E45-85C3-4BF8-BF3E-5F941D7289EE}.Trunk|Any CPU.ActiveCfg = Trunk|Any CPU
		{4F4F8E45-85C3-4BF8-BF3E-5F941D7289EE}.Trunk|Any CPU.Build.0 = Trunk|Any CPU
		{1A023CA2-4FB0-421D-827B-4EC017B50AB7}.Debug|Any CPU.ActiveCfg = Debug|Any CPU
		{1A023CA2-4FB0-421D-827B-4EC017B50AB7}.Release|Any CPU.ActiveCfg = Release|Any CPU
		{1A023CA2-4FB0-421D-827B-4EC017B50AB7}.Trunk|Any CPU.ActiveCfg = Debug|Any CPU
		{1A023CA2-4FB0-421D-827B-4EC017B50AB7}.Trunk|Any CPU.Build.0 = Debug|Any CPU
		{E7C5B32A-2097-4056-ABDB-D798F2E907D6}.Debug|Any CPU.ActiveCfg = Debug|Any CPU
		{E7C5B32A-2097-4056-ABDB-D798F2E907D6}.Release|Any CPU.ActiveCfg = Release|Any CPU
		{E7C5B32A-2097-4056-ABDB-D798F2E907D6}.Trunk|Any CPU.ActiveCfg = Debug|Any CPU
		{E7C5B32A-2097-4056-ABDB-D798F2E907D6}.Trunk|Any CPU.Build.0 = Debug|Any CPU
		{32A92641-FF55-4CA8-B1DD-A0165C3F04CD}.Debug|Any CPU.ActiveCfg = Debug|Any CPU
		{32A92641-FF55-4CA8-B1DD-A0165C3F04CD}.Debug|Any CPU.Build.0 = Debug|Any CPU
		{32A92641-FF55-4CA8-B1DD-A0165C3F04CD}.Release|Any CPU.ActiveCfg = Release|Any CPU
		{32A92641-FF55-4CA8-B1DD-A0165C3F04CD}.Release|Any CPU.Build.0 = Release|Any CPU
		{32A92641-FF55-4CA8-B1DD-A0165C3F04CD}.Trunk|Any CPU.ActiveCfg = Trunk|Any CPU
		{32A92641-FF55-4CA8-B1DD-A0165C3F04CD}.Trunk|Any CPU.Build.0 = Trunk|Any CPU
	EndGlobalSection
	GlobalSection(SolutionProperties) = preSolution
		HideSolutionNode = FALSE
	EndGlobalSection
	GlobalSection(ExtensibilityGlobals) = postSolution
		SolutionGuid = {90B17315-E81F-4E3E-92EB-7A726B4A5FF5}
	EndGlobalSection
EndGlobal
